
Microsoft Visual Studio Solution File, Format Version 12.00
# Visual Studio 15
VisualStudioVersion = 15.0.28307.779
MinimumVisualStudioVersion = 10.0.40219.1
Project("{9A19103F-16F7-4668-BE54-9A1E7A4F7556}") = "XSD", "XSD\XSD.csproj", "{F2EC8453-275C-4AFE-B430-B4ECFC310575}"
EndProject
Project("{9A19103F-16F7-4668-BE54-9A1E7A4F7556}") = "XSD.Tests", "XSD.Tests\XSD.Tests.csproj", "{C75632E9-7CB2-4EAA-B6D6-76C0856117FC}"
EndProject
Global
	GlobalSection(SolutionConfigurationPlatforms) = preSolution
		Debug|Any CPU = Debug|Any CPU
		Release|Any CPU = Release|Any CPU
	EndGlobalSection
	GlobalSection(ProjectConfigurationPlatforms) = postSolution
		{F2EC8453-275C-4AFE-B430-B4ECFC310575}.Debug|Any CPU.ActiveCfg = Debug|Any CPU
		{F2EC8453-275C-4AFE-B430-B4ECFC310575}.Debug|Any CPU.Build.0 = Debug|Any CPU
		{F2EC8453-275C-4AFE-B430-B4ECFC310575}.Release|Any CPU.ActiveCfg = Release|Any CPU
		{F2EC8453-275C-4AFE-B430-B4ECFC310575}.Release|Any CPU.Build.0 = Release|Any CPU
		{C75632E9-7CB2-4EAA-B6D6-76C0856117FC}.Debug|Any CPU.ActiveCfg = Debug|Any CPU
		{C75632E9-7CB2-4EAA-B6D6-76C0856117FC}.Debug|Any CPU.Build.0 = Debug|Any CPU
		{C75632E9-7CB2-4EAA-B6D6-76C0856117FC}.Release|Any CPU.ActiveCfg = Release|Any CPU
		{C75632E9-7CB2-4EAA-B6D6-76C0856117FC}.Release|Any CPU.Build.0 = Release|Any CPU
	EndGlobalSection
	GlobalSection(SolutionProperties) = preSolution
		HideSolutionNode = FALSE
	EndGlobalSection
	GlobalSection(ExtensibilityGlobals) = postSolution
		SolutionGuid = {3FDE9118-9DB8-4F01-BB3E-A0074C855D8D}
	EndGlobalSection	
EndGlobal
